// !$*UTF8*$!
{
	archiveVersion = 1;
	classes = {
	};
	objectVersion = 56;
	objects = {

/* Begin PBXBuildFile section */
		00581B702BF755DD00ECD829 /* InfoView.swift in Sources */ = {isa = PBXBuildFile; fileRef = 00581B6E2BF755DD00ECD829 /* InfoView.swift */; };
		00581B712BF755DD00ECD829 /* InfoView.xib in Resources */ = {isa = PBXBuildFile; fileRef = 00581B6F2BF755DD00ECD829 /* InfoView.xib */; };
		00581B752BF77E9100ECD829 /* PlaceInfoCell.swift in Sources */ = {isa = PBXBuildFile; fileRef = 00581B732BF77E9100ECD829 /* PlaceInfoCell.swift */; };
		00581B762BF77E9100ECD829 /* PlaceInfoCell.xib in Resources */ = {isa = PBXBuildFile; fileRef = 00581B742BF77E9100ECD829 /* PlaceInfoCell.xib */; };
		00BB6BDD2BF3EC21004DFA69 /* RxCocoa in Frameworks */ = {isa = PBXBuildFile; productRef = 00BB6BDC2BF3EC21004DFA69 /* RxCocoa */; };
		00BB6BDF2BF3EC21004DFA69 /* RxCocoa-Dynamic in Frameworks */ = {isa = PBXBuildFile; productRef = 00BB6BDE2BF3EC21004DFA69 /* RxCocoa-Dynamic */; };
		00BB6BE12BF3EC21004DFA69 /* RxRelay in Frameworks */ = {isa = PBXBuildFile; productRef = 00BB6BE02BF3EC21004DFA69 /* RxRelay */; };
		00BB6BE32BF3EC21004DFA69 /* RxRelay-Dynamic in Frameworks */ = {isa = PBXBuildFile; productRef = 00BB6BE22BF3EC21004DFA69 /* RxRelay-Dynamic */; };
		00BB6BE52BF3EC21004DFA69 /* RxSwift in Frameworks */ = {isa = PBXBuildFile; productRef = 00BB6BE42BF3EC21004DFA69 /* RxSwift */; };
		00BB6BE72BF3EC21004DFA69 /* RxSwift-Dynamic in Frameworks */ = {isa = PBXBuildFile; productRef = 00BB6BE62BF3EC21004DFA69 /* RxSwift-Dynamic */; };
		00BB6BEA2BF4ECDD004DFA69 /* APIConstants.swift in Sources */ = {isa = PBXBuildFile; fileRef = 00BB6BE92BF4ECDD004DFA69 /* APIConstants.swift */; };
		00BB6BEC2BF4F3F7004DFA69 /* LoadingViewModel.swift in Sources */ = {isa = PBXBuildFile; fileRef = 00BB6BEB2BF4F3F7004DFA69 /* LoadingViewModel.swift */; };
		00BB6BEE2BF4F598004DFA69 /* APIBaseSession.swift in Sources */ = {isa = PBXBuildFile; fileRef = 00BB6BED2BF4F598004DFA69 /* APIBaseSession.swift */; };
		00BB6BF02BF4FD7D004DFA69 /* APIPlaceRequest.swift in Sources */ = {isa = PBXBuildFile; fileRef = 00BB6BEF2BF4FD7D004DFA69 /* APIPlaceRequest.swift */; };
		00BB6BF22BF4FF26004DFA69 /* PlaceModel.swift in Sources */ = {isa = PBXBuildFile; fileRef = 00BB6BF12BF4FF26004DFA69 /* PlaceModel.swift */; };
		00BBA56F2BF3DCB300816CD3 /* AppDelegate.swift in Sources */ = {isa = PBXBuildFile; fileRef = 00BBA56E2BF3DCB300816CD3 /* AppDelegate.swift */; };
		00BBA5712BF3DCB300816CD3 /* SceneDelegate.swift in Sources */ = {isa = PBXBuildFile; fileRef = 00BBA5702BF3DCB300816CD3 /* SceneDelegate.swift */; };
		00BBA5782BF3DCB400816CD3 /* Assets.xcassets in Resources */ = {isa = PBXBuildFile; fileRef = 00BBA5772BF3DCB400816CD3 /* Assets.xcassets */; };
		00BBA57B2BF3DCB400816CD3 /* Base in Resources */ = {isa = PBXBuildFile; fileRef = 00BBA57A2BF3DCB400816CD3 /* Base */; };
		00BBA5882BF3DF8000816CD3 /* LoadingView.swift in Sources */ = {isa = PBXBuildFile; fileRef = 00BBA5862BF3DF8000816CD3 /* LoadingView.swift */; };
		00BBA5892BF3DF8000816CD3 /* LoadingView.xib in Resources */ = {isa = PBXBuildFile; fileRef = 00BBA5872BF3DF8000816CD3 /* LoadingView.xib */; };
/* End PBXBuildFile section */

/* Begin PBXFileReference section */
		00581B6E2BF755DD00ECD829 /* InfoView.swift */ = {isa = PBXFileReference; lastKnownFileType = sourcecode.swift; path = InfoView.swift; sourceTree = "<group>"; };
		00581B6F2BF755DD00ECD829 /* InfoView.xib */ = {isa = PBXFileReference; lastKnownFileType = file.xib; path = InfoView.xib; sourceTree = "<group>"; };
		00581B732BF77E9100ECD829 /* PlaceInfoCell.swift */ = {isa = PBXFileReference; lastKnownFileType = sourcecode.swift; path = PlaceInfoCell.swift; sourceTree = "<group>"; };
		00581B742BF77E9100ECD829 /* PlaceInfoCell.xib */ = {isa = PBXFileReference; lastKnownFileType = file.xib; path = PlaceInfoCell.xib; sourceTree = "<group>"; };
		00BB6BE92BF4ECDD004DFA69 /* APIConstants.swift */ = {isa = PBXFileReference; lastKnownFileType = sourcecode.swift; path = APIConstants.swift; sourceTree = "<group>"; };
		00BB6BEB2BF4F3F7004DFA69 /* LoadingViewModel.swift */ = {isa = PBXFileReference; lastKnownFileType = sourcecode.swift; path = LoadingViewModel.swift; sourceTree = "<group>"; };
		00BB6BED2BF4F598004DFA69 /* APIBaseSession.swift */ = {isa = PBXFileReference; lastKnownFileType = sourcecode.swift; path = APIBaseSession.swift; sourceTree = "<group>"; };
		00BB6BEF2BF4FD7D004DFA69 /* APIPlaceRequest.swift */ = {isa = PBXFileReference; lastKnownFileType = sourcecode.swift; path = APIPlaceRequest.swift; sourceTree = "<group>"; };
		00BB6BF12BF4FF26004DFA69 /* PlaceModel.swift */ = {isa = PBXFileReference; lastKnownFileType = sourcecode.swift; path = PlaceModel.swift; sourceTree = "<group>"; };
		00BBA56B2BF3DCB300816CD3 /* NearBy.app */ = {isa = PBXFileReference; explicitFileType = wrapper.application; includeInIndex = 0; path = NearBy.app; sourceTree = BUILT_PRODUCTS_DIR; };
		00BBA56E2BF3DCB300816CD3 /* AppDelegate.swift */ = {isa = PBXFileReference; lastKnownFileType = sourcecode.swift; path = AppDelegate.swift; sourceTree = "<group>"; };
		00BBA5702BF3DCB300816CD3 /* SceneDelegate.swift */ = {isa = PBXFileReference; lastKnownFileType = sourcecode.swift; path = SceneDelegate.swift; sourceTree = "<group>"; };
		00BBA5772BF3DCB400816CD3 /* Assets.xcassets */ = {isa = PBXFileReference; lastKnownFileType = folder.assetcatalog; path = Assets.xcassets; sourceTree = "<group>"; };
		00BBA57A2BF3DCB400816CD3 /* Base */ = {isa = PBXFileReference; lastKnownFileType = file.storyboard; name = Base; path = Base.lproj/LaunchScreen.storyboard; sourceTree = "<group>"; };
		00BBA57C2BF3DCB400816CD3 /* Info.plist */ = {isa = PBXFileReference; lastKnownFileType = text.plist.xml; path = Info.plist; sourceTree = "<group>"; };
		00BBA5862BF3DF8000816CD3 /* LoadingView.swift */ = {isa = PBXFileReference; lastKnownFileType = sourcecode.swift; path = LoadingView.swift; sourceTree = "<group>"; };
		00BBA5872BF3DF8000816CD3 /* LoadingView.xib */ = {isa = PBXFileReference; lastKnownFileType = file.xib; path = LoadingView.xib; sourceTree = "<group>"; };
/* End PBXFileReference section */

/* Begin PBXFrameworksBuildPhase section */
		00BBA5682BF3DCB300816CD3 /* Frameworks */ = {
			isa = PBXFrameworksBuildPhase;
			buildActionMask = 2147483647;
			files = (
				00BB6BE32BF3EC21004DFA69 /* RxRelay-Dynamic in Frameworks */,
				00BB6BE12BF3EC21004DFA69 /* RxRelay in Frameworks */,
				00BB6BE52BF3EC21004DFA69 /* RxSwift in Frameworks */,
				00BB6BDF2BF3EC21004DFA69 /* RxCocoa-Dynamic in Frameworks */,
				00BB6BE72BF3EC21004DFA69 /* RxSwift-Dynamic in Frameworks */,
				00BB6BDD2BF3EC21004DFA69 /* RxCocoa in Frameworks */,
			);
			runOnlyForDeploymentPostprocessing = 0;
		};
/* End PBXFrameworksBuildPhase section */

/* Begin PBXGroup section */
		00581B692BF754C700ECD829 /* ShowingInfoScreen */ = {
			isa = PBXGroup;
			children = (
				00581B6E2BF755DD00ECD829 /* InfoView.swift */,
				00581B6F2BF755DD00ECD829 /* InfoView.xib */,
			);
			path = ShowingInfoScreen;
			sourceTree = "<group>";
		};
		00581B722BF77E7000ECD829 /* CustomCells */ = {
			isa = PBXGroup;
			children = (
				00581B732BF77E9100ECD829 /* PlaceInfoCell.swift */,
				00581B742BF77E9100ECD829 /* PlaceInfoCell.xib */,
			);
			path = CustomCells;
			sourceTree = "<group>";
		};
		00BB6BE82BF4ECC8004DFA69 /* APIServices */ = {
			isa = PBXGroup;
			children = (
				00BB6BE92BF4ECDD004DFA69 /* APIConstants.swift */,
				00BB6BED2BF4F598004DFA69 /* APIBaseSession.swift */,
				00BB6BEF2BF4FD7D004DFA69 /* APIPlaceRequest.swift */,
			);
			path = APIServices;
			sourceTree = "<group>";
		};
		00BBA5622BF3DCB300816CD3 = {
			isa = PBXGroup;
			children = (
				00BBA56D2BF3DCB300816CD3 /* NearBy */,
				00BBA56C2BF3DCB300816CD3 /* Products */,
			);
			sourceTree = "<group>";
		};
		00BBA56C2BF3DCB300816CD3 /* Products */ = {
			isa = PBXGroup;
			children = (
				00BBA56B2BF3DCB300816CD3 /* NearBy.app */,
			);
			name = Products;
			sourceTree = "<group>";
		};
		00BBA56D2BF3DCB300816CD3 /* NearBy */ = {
			isa = PBXGroup;
			children = (
				00BBA5822BF3DF2500816CD3 /* Models */,
				00BBA5832BF3DF4A00816CD3 /* Scenes */,
				00BB6BE82BF4ECC8004DFA69 /* APIServices */,
				00BBA56E2BF3DCB300816CD3 /* AppDelegate.swift */,
				00BBA5702BF3DCB300816CD3 /* SceneDelegate.swift */,
				00BBA5772BF3DCB400816CD3 /* Assets.xcassets */,
				00BBA5792BF3DCB400816CD3 /* LaunchScreen.storyboard */,
				00BBA57C2BF3DCB400816CD3 /* Info.plist */,
			);
			path = NearBy;
			sourceTree = "<group>";
		};
		00BBA5822BF3DF2500816CD3 /* Models */ = {
			isa = PBXGroup;
			children = (
				00BB6BF12BF4FF26004DFA69 /* PlaceModel.swift */,
			);
			path = Models;
			sourceTree = "<group>";
		};
		00BBA5832BF3DF4A00816CD3 /* Scenes */ = {
			isa = PBXGroup;
			children = (
				00BBA5842BF3DF5A00816CD3 /* LoadingScene */,
				00581B692BF754C700ECD829 /* ShowingInfoScreen */,
				00581B722BF77E7000ECD829 /* CustomCells */,
			);
			path = Scenes;
			sourceTree = "<group>";
		};
		00BBA5842BF3DF5A00816CD3 /* LoadingScene */ = {
			isa = PBXGroup;
			children = (
				00BBA5862BF3DF8000816CD3 /* LoadingView.swift */,
				00BBA5872BF3DF8000816CD3 /* LoadingView.xib */,
				00BB6BEB2BF4F3F7004DFA69 /* LoadingViewModel.swift */,
			);
			path = LoadingScene;
			sourceTree = "<group>";
		};
/* End PBXGroup section */

/* Begin PBXNativeTarget section */
		00BBA56A2BF3DCB300816CD3 /* NearBy */ = {
			isa = PBXNativeTarget;
			buildConfigurationList = 00BBA57F2BF3DCB400816CD3 /* Build configuration list for PBXNativeTarget "NearBy" */;
			buildPhases = (
				00BBA5672BF3DCB300816CD3 /* Sources */,
				00BBA5682BF3DCB300816CD3 /* Frameworks */,
				00BBA5692BF3DCB300816CD3 /* Resources */,
			);
			buildRules = (
			);
			dependencies = (
			);
			name = NearBy;
			packageProductDependencies = (
				00BB6BDC2BF3EC21004DFA69 /* RxCocoa */,
				00BB6BDE2BF3EC21004DFA69 /* RxCocoa-Dynamic */,
				00BB6BE02BF3EC21004DFA69 /* RxRelay */,
				00BB6BE22BF3EC21004DFA69 /* RxRelay-Dynamic */,
				00BB6BE42BF3EC21004DFA69 /* RxSwift */,
				00BB6BE62BF3EC21004DFA69 /* RxSwift-Dynamic */,
			);
			productName = NearBy;
			productReference = 00BBA56B2BF3DCB300816CD3 /* NearBy.app */;
			productType = "com.apple.product-type.application";
		};
/* End PBXNativeTarget section */

/* Begin PBXProject section */
		00BBA5632BF3DCB300816CD3 /* Project object */ = {
			isa = PBXProject;
			attributes = {
				BuildIndependentTargetsInParallel = 1;
				LastSwiftUpdateCheck = 1530;
				LastUpgradeCheck = 1530;
				TargetAttributes = {
					00BBA56A2BF3DCB300816CD3 = {
						CreatedOnToolsVersion = 15.3;
					};
				};
			};
			buildConfigurationList = 00BBA5662BF3DCB300816CD3 /* Build configuration list for PBXProject "NearBy" */;
			compatibilityVersion = "Xcode 14.0";
			developmentRegion = en;
			hasScannedForEncodings = 0;
			knownRegions = (
				en,
				Base,
			);
			mainGroup = 00BBA5622BF3DCB300816CD3;
			packageReferences = (
				00BB6BDB2BF3EC21004DFA69 /* XCRemoteSwiftPackageReference "RxSwift" */,
			);
			productRefGroup = 00BBA56C2BF3DCB300816CD3 /* Products */;
			projectDirPath = "";
			projectRoot = "";
			targets = (
				00BBA56A2BF3DCB300816CD3 /* NearBy */,
			);
		};
/* End PBXProject section */

/* Begin PBXResourcesBuildPhase section */
		00BBA5692BF3DCB300816CD3 /* Resources */ = {
			isa = PBXResourcesBuildPhase;
			buildActionMask = 2147483647;
			files = (
				00581B762BF77E9100ECD829 /* PlaceInfoCell.xib in Resources */,
				00581B712BF755DD00ECD829 /* InfoView.xib in Resources */,
				00BBA5892BF3DF8000816CD3 /* LoadingView.xib in Resources */,
				00BBA5782BF3DCB400816CD3 /* Assets.xcassets in Resources */,
				00BBA57B2BF3DCB400816CD3 /* Base in Resources */,
			);
			runOnlyForDeploymentPostprocessing = 0;
		};
/* End PBXResourcesBuildPhase section */

/* Begin PBXSourcesBuildPhase section */
		00BBA5672BF3DCB300816CD3 /* Sources */ = {
			isa = PBXSourcesBuildPhase;
			buildActionMask = 2147483647;
			files = (
				00BB6BEA2BF4ECDD004DFA69 /* APIConstants.swift in Sources */,
				00BB6BF22BF4FF26004DFA69 /* PlaceModel.swift in Sources */,
				00BBA5882BF3DF8000816CD3 /* LoadingView.swift in Sources */,
				00BB6BEE2BF4F598004DFA69 /* APIBaseSession.swift in Sources */,
				00BB6BEC2BF4F3F7004DFA69 /* LoadingViewModel.swift in Sources */,
				00BBA56F2BF3DCB300816CD3 /* AppDelegate.swift in Sources */,
				00BBA5712BF3DCB300816CD3 /* SceneDelegate.swift in Sources */,
				00581B752BF77E9100ECD829 /* PlaceInfoCell.swift in Sources */,
				00581B702BF755DD00ECD829 /* InfoView.swift in Sources */,
				00BB6BF02BF4FD7D004DFA69 /* APIPlaceRequest.swift in Sources */,
			);
			runOnlyForDeploymentPostprocessing = 0;
		};
/* End PBXSourcesBuildPhase section */

/* Begin PBXVariantGroup section */
		00BBA5792BF3DCB400816CD3 /* LaunchScreen.storyboard */ = {
			isa = PBXVariantGroup;
			children = (
				00BBA57A2BF3DCB400816CD3 /* Base */,
			);
			name = LaunchScreen.storyboard;
			sourceTree = "<group>";
		};
/* End PBXVariantGroup section */

/* Begin XCBuildConfiguration section */
		00BBA57D2BF3DCB400816CD3 /* Debug */ = {
			isa = XCBuildConfiguration;
			buildSettings = {
				ALWAYS_SEARCH_USER_PATHS = NO;
				ASSETCATALOG_COMPILER_GENERATE_SWIFT_ASSET_SYMBOL_EXTENSIONS = YES;
				CLANG_ANALYZER_NONNULL = YES;
				CLANG_ANALYZER_NUMBER_OBJECT_CONVERSION = YES_AGGRESSIVE;
				CLANG_CXX_LANGUAGE_STANDARD = "gnu++20";
				CLANG_ENABLE_MODULES = YES;
				CLANG_ENABLE_OBJC_ARC = YES;
				CLANG_ENABLE_OBJC_WEAK = YES;
				CLANG_WARN_BLOCK_CAPTURE_AUTORELEASING = YES;
				CLANG_WARN_BOOL_CONVERSION = YES;
				CLANG_WARN_COMMA = YES;
				CLANG_WARN_CONSTANT_CONVERSION = YES;
				CLANG_WARN_DEPRECATED_OBJC_IMPLEMENTATIONS = YES;
				CLANG_WARN_DIRECT_OBJC_ISA_USAGE = YES_ERROR;
				CLANG_WARN_DOCUMENTATION_COMMENTS = YES;
				CLANG_WARN_EMPTY_BODY = YES;
				CLANG_WARN_ENUM_CONVERSION = YES;
				CLANG_WARN_INFINITE_RECURSION = YES;
				CLANG_WARN_INT_CONVERSION = YES;
				CLANG_WARN_NON_LITERAL_NULL_CONVERSION = YES;
				CLANG_WARN_OBJC_IMPLICIT_RETAIN_SELF = YES;
				CLANG_WARN_OBJC_LITERAL_CONVERSION = YES;
				CLANG_WARN_OBJC_ROOT_CLASS = YES_ERROR;
				CLANG_WARN_QUOTED_INCLUDE_IN_FRAMEWORK_HEADER = YES;
				CLANG_WARN_RANGE_LOOP_ANALYSIS = YES;
				CLANG_WARN_STRICT_PROTOTYPES = YES;
				CLANG_WARN_SUSPICIOUS_MOVE = YES;
				CLANG_WARN_UNGUARDED_AVAILABILITY = YES_AGGRESSIVE;
				CLANG_WARN_UNREACHABLE_CODE = YES;
				CLANG_WARN__DUPLICATE_METHOD_MATCH = YES;
				COPY_PHASE_STRIP = NO;
				DEBUG_INFORMATION_FORMAT = dwarf;
				ENABLE_STRICT_OBJC_MSGSEND = YES;
				ENABLE_TESTABILITY = YES;
				ENABLE_USER_SCRIPT_SANDBOXING = YES;
				GCC_C_LANGUAGE_STANDARD = gnu17;
				GCC_DYNAMIC_NO_PIC = NO;
				GCC_NO_COMMON_BLOCKS = YES;
				GCC_OPTIMIZATION_LEVEL = 0;
				GCC_PREPROCESSOR_DEFINITIONS = (
					"DEBUG=1",
					"$(inherited)",
				);
				GCC_WARN_64_TO_32_BIT_CONVERSION = YES;
				GCC_WARN_ABOUT_RETURN_TYPE = YES_ERROR;
				GCC_WARN_UNDECLARED_SELECTOR = YES;
				GCC_WARN_UNINITIALIZED_AUTOS = YES_AGGRESSIVE;
				GCC_WARN_UNUSED_FUNCTION = YES;
				GCC_WARN_UNUSED_VARIABLE = YES;
				IPHONEOS_DEPLOYMENT_TARGET = 15.0;
				LOCALIZATION_PREFERS_STRING_CATALOGS = YES;
				MTL_ENABLE_DEBUG_INFO = INCLUDE_SOURCE;
				MTL_FAST_MATH = YES;
				ONLY_ACTIVE_ARCH = YES;
				SDKROOT = iphoneos;
				SWIFT_ACTIVE_COMPILATION_CONDITIONS = "DEBUG $(inherited)";
				SWIFT_OPTIMIZATION_LEVEL = "-Onone";
			};
			name = Debug;
		};
		00BBA57E2BF3DCB400816CD3 /* Release */ = {
			isa = XCBuildConfiguration;
			buildSettings = {
				ALWAYS_SEARCH_USER_PATHS = NO;
				ASSETCATALOG_COMPILER_GENERATE_SWIFT_ASSET_SYMBOL_EXTENSIONS = YES;
				CLANG_ANALYZER_NONNULL = YES;
				CLANG_ANALYZER_NUMBER_OBJECT_CONVERSION = YES_AGGRESSIVE;
				CLANG_CXX_LANGUAGE_STANDARD = "gnu++20";
				CLANG_ENABLE_MODULES = YES;
				CLANG_ENABLE_OBJC_ARC = YES;
				CLANG_ENABLE_OBJC_WEAK = YES;
				CLANG_WARN_BLOCK_CAPTURE_AUTORELEASING = YES;
				CLANG_WARN_BOOL_CONVERSION = YES;
				CLANG_WARN_COMMA = YES;
				CLANG_WARN_CONSTANT_CONVERSION = YES;
				CLANG_WARN_DEPRECATED_OBJC_IMPLEMENTATIONS = YES;
				CLANG_WARN_DIRECT_OBJC_ISA_USAGE = YES_ERROR;
				CLANG_WARN_DOCUMENTATION_COMMENTS = YES;
				CLANG_WARN_EMPTY_BODY = YES;
				CLANG_WARN_ENUM_CONVERSION = YES;
				CLANG_WARN_INFINITE_RECURSION = YES;
				CLANG_WARN_INT_CONVERSION = YES;
				CLANG_WARN_NON_LITERAL_NULL_CONVERSION = YES;
				CLANG_WARN_OBJC_IMPLICIT_RETAIN_SELF = YES;
				CLANG_WARN_OBJC_LITERAL_CONVERSION = YES;
				CLANG_WARN_OBJC_ROOT_CLASS = YES_ERROR;
				CLANG_WARN_QUOTED_INCLUDE_IN_FRAMEWORK_HEADER = YES;
				CLANG_WARN_RANGE_LOOP_ANALYSIS = YES;
				CLANG_WARN_STRICT_PROTOTYPES = YES;
				CLANG_WARN_SUSPICIOUS_MOVE = YES;
				CLANG_WARN_UNGUARDED_AVAILABILITY = YES_AGGRESSIVE;
				CLANG_WARN_UNREACHABLE_CODE = YES;
				CLANG_WARN__DUPLICATE_METHOD_MATCH = YES;
				COPY_PHASE_STRIP = NO;
				DEBUG_INFORMATION_FORMAT = "dwarf-with-dsym";
				ENABLE_NS_ASSERTIONS = NO;
				ENABLE_STRICT_OBJC_MSGSEND = YES;
				ENABLE_USER_SCRIPT_SANDBOXING = YES;
				GCC_C_LANGUAGE_STANDARD = gnu17;
				GCC_NO_COMMON_BLOCKS = YES;
				GCC_WARN_64_TO_32_BIT_CONVERSION = YES;
				GCC_WARN_ABOUT_RETURN_TYPE = YES_ERROR;
				GCC_WARN_UNDECLARED_SELECTOR = YES;
				GCC_WARN_UNINITIALIZED_AUTOS = YES_AGGRESSIVE;
				GCC_WARN_UNUSED_FUNCTION = YES;
				GCC_WARN_UNUSED_VARIABLE = YES;
				IPHONEOS_DEPLOYMENT_TARGET = 15.0;
				LOCALIZATION_PREFERS_STRING_CATALOGS = YES;
				MTL_ENABLE_DEBUG_INFO = NO;
				MTL_FAST_MATH = YES;
				SDKROOT = iphoneos;
				SWIFT_COMPILATION_MODE = wholemodule;
				VALIDATE_PRODUCT = YES;
			};
			name = Release;
		};
		00BBA5802BF3DCB400816CD3 /* Debug */ = {
			isa = XCBuildConfiguration;
			buildSettings = {
				ASSETCATALOG_COMPILER_APPICON_NAME = AppIcon;
				ASSETCATALOG_COMPILER_GLOBAL_ACCENT_COLOR_NAME = AccentColor;
				CODE_SIGN_STYLE = Automatic;
				CURRENT_PROJECT_VERSION = 1;
				GENERATE_INFOPLIST_FILE = YES;
				INFOPLIST_FILE = NearBy/Info.plist;
				INFOPLIST_KEY_UIApplicationSupportsIndirectInputEvents = YES;
				INFOPLIST_KEY_UILaunchStoryboardName = LaunchScreen;
				INFOPLIST_KEY_UISupportedInterfaceOrientations_iPad = "UIInterfaceOrientationPortrait UIInterfaceOrientationPortraitUpsideDown UIInterfaceOrientationLandscapeLeft UIInterfaceOrientationLandscapeRight";
				INFOPLIST_KEY_UISupportedInterfaceOrientations_iPhone = "UIInterfaceOrientationPortrait UIInterfaceOrientationLandscapeLeft UIInterfaceOrientationLandscapeRight";
				IPHONEOS_DEPLOYMENT_TARGET = 15.0;
				LD_RUNPATH_SEARCH_PATHS = (
					"$(inherited)",
					"@executable_path/Frameworks",
				);
				MARKETING_VERSION = 1.0;
				PRODUCT_BUNDLE_IDENTIFIER = com.moataz.NearBy;
				PRODUCT_NAME = "$(TARGET_NAME)";
				SUPPORTED_PLATFORMS = "iphoneos iphonesimulator";
				SUPPORTS_MACCATALYST = NO;
				SUPPORTS_MAC_DESIGNED_FOR_IPHONE_IPAD = NO;
				SUPPORTS_XR_DESIGNED_FOR_IPHONE_IPAD = NO;
				SWIFT_EMIT_LOC_STRINGS = YES;
				SWIFT_VERSION = 5.0;
				TARGETED_DEVICE_FAMILY = "1,2";
			};
			name = Debug;
		};
		00BBA5812BF3DCB400816CD3 /* Release */ = {
			isa = XCBuildConfiguration;
			buildSettings = {
				ASSETCATALOG_COMPILER_APPICON_NAME = AppIcon;
				ASSETCATALOG_COMPILER_GLOBAL_ACCENT_COLOR_NAME = AccentColor;
				CODE_SIGN_STYLE = Automatic;
				CURRENT_PROJECT_VERSION = 1;
				GENERATE_INFOPLIST_FILE = YES;
				INFOPLIST_FILE = NearBy/Info.plist;
				INFOPLIST_KEY_UIApplicationSupportsIndirectInputEvents = YES;
				INFOPLIST_KEY_UILaunchStoryboardName = LaunchScreen;
				INFOPLIST_KEY_UISupportedInterfaceOrientations_iPad = "UIInterfaceOrientationPortrait UIInterfaceOrientationPortraitUpsideDown UIInterfaceOrientationLandscapeLeft UIInterfaceOrientationLandscapeRight";
				INFOPLIST_KEY_UISupportedInterfaceOrientations_iPhone = "UIInterfaceOrientationPortrait UIInterfaceOrientationLandscapeLeft UIInterfaceOrientationLandscapeRight";
				IPHONEOS_DEPLOYMENT_TARGET = 15.0;
				LD_RUNPATH_SEARCH_PATHS = (
					"$(inherited)",
					"@executable_path/Frameworks",
				);
				MARKETING_VERSION = 1.0;
				PRODUCT_BUNDLE_IDENTIFIER = com.moataz.NearBy;
				PRODUCT_NAME = "$(TARGET_NAME)";
				SUPPORTED_PLATFORMS = "iphoneos iphonesimulator";
				SUPPORTS_MACCATALYST = NO;
				SUPPORTS_MAC_DESIGNED_FOR_IPHONE_IPAD = NO;
				SUPPORTS_XR_DESIGNED_FOR_IPHONE_IPAD = NO;
				SWIFT_EMIT_LOC_STRINGS = YES;
				SWIFT_VERSION = 5.0;
				TARGETED_DEVICE_FAMILY = "1,2";
			};
			name = Release;
		};
/* End XCBuildConfiguration section */

/* Begin XCConfigurationList section */
		00BBA5662BF3DCB300816CD3 /* Build configuration list for PBXProject "NearBy" */ = {
			isa = XCConfigurationList;
			buildConfigurations = (
				00BBA57D2BF3DCB400816CD3 /* Debug */,
				00BBA57E2BF3DCB400816CD3 /* Release */,
			);
			defaultConfigurationIsVisible = 0;
			defaultConfigurationName = Release;
		};
		00BBA57F2BF3DCB400816CD3 /* Build configuration list for PBXNativeTarget "NearBy" */ = {
			isa = XCConfigurationList;
			buildConfigurations = (
				00BBA5802BF3DCB400816CD3 /* Debug */,
				00BBA5812BF3DCB400816CD3 /* Release */,
			);
			defaultConfigurationIsVisible = 0;
			defaultConfigurationName = Release;
		};
/* End XCConfigurationList section */

/* Begin XCRemoteSwiftPackageReference section */
		00BB6BDB2BF3EC21004DFA69 /* XCRemoteSwiftPackageReference "RxSwift" */ = {
			isa = XCRemoteSwiftPackageReference;
			repositoryURL = "https://github.com/ReactiveX/RxSwift.git";
			requirement = {
				kind = upToNextMajorVersion;
				minimumVersion = 6.7.1;
			};
		};
/* End XCRemoteSwiftPackageReference section */

/* Begin XCSwiftPackageProductDependency section */
		00BB6BDC2BF3EC21004DFA69 /* RxCocoa */ = {
			isa = XCSwiftPackageProductDependency;
			package = 00BB6BDB2BF3EC21004DFA69 /* XCRemoteSwiftPackageReference "RxSwift" */;
			productName = RxCocoa;
		};
		00BB6BDE2BF3EC21004DFA69 /* RxCocoa-Dynamic */ = {
			isa = XCSwiftPackageProductDependency;
			package = 00BB6BDB2BF3EC21004DFA69 /* XCRemoteSwiftPackageReference "RxSwift" */;
			productName = "RxCocoa-Dynamic";
		};
		00BB6BE02BF3EC21004DFA69 /* RxRelay */ = {
			isa = XCSwiftPackageProductDependency;
			package = 00BB6BDB2BF3EC21004DFA69 /* XCRemoteSwiftPackageReference "RxSwift" */;
			productName = RxRelay;
		};
		00BB6BE22BF3EC21004DFA69 /* RxRelay-Dynamic */ = {
			isa = XCSwiftPackageProductDependency;
			package = 00BB6BDB2BF3EC21004DFA69 /* XCRemoteSwiftPackageReference "RxSwift" */;
			productName = "RxRelay-Dynamic";
		};
		00BB6BE42BF3EC21004DFA69 /* RxSwift */ = {
			isa = XCSwiftPackageProductDependency;
			package = 00BB6BDB2BF3EC21004DFA69 /* XCRemoteSwiftPackageReference "RxSwift" */;
			productName = RxSwift;
		};
		00BB6BE62BF3EC21004DFA69 /* RxSwift-Dynamic */ = {
			isa = XCSwiftPackageProductDependency;
			package = 00BB6BDB2BF3EC21004DFA69 /* XCRemoteSwiftPackageReference "RxSwift" */;
			productName = "RxSwift-Dynamic";
		};
/* End XCSwiftPackageProductDependency section */
	};
	rootObject = 00BBA5632BF3DCB300816CD3 /* Project object */;
}
